// !$*UTF8*$!
{
	archiveVersion = 1;
	classes = {
	};
	objectVersion = 77;
	objects = {

/* Begin PBXBuildFile section */
		04BF49113047E6A5BFDD0565 /* Localizable.strings in Resources */ = {isa = PBXBuildFile; fileRef = CB5D2FCD484E6C915A3AF4BB /* Localizable.strings */; };
		15984B33D2FC6DC271096E4A /* WorkspaceView.swift in Sources */ = {isa = PBXBuildFile; fileRef = 3D43383FD609AFA6A0605CEA /* WorkspaceView.swift */; };
		1E07976CF65B26FF6DCC92F7 /* AppContentLayout.swift in Sources */ = {isa = PBXBuildFile; fileRef = BAA28F9CA875E65C60C3B1FE /* AppContentLayout.swift */; };
		3679216DDA49A20D83B8411A /* NasAdministrationView.swift in Sources */ = {isa = PBXBuildFile; fileRef = 3F276AF6EC0C343DF594E76B /* NasAdministrationView.swift */; };
		3F7B3902FFF181AEC9D25BEE /* InfoPlist.strings in Resources */ = {isa = PBXBuildFile; fileRef = 55636F64951E9DD6841A1586 /* InfoPlist.strings */; };
		3FCADE45FE1B6CE377E360BA /* DsmMacApp.swift in Sources */ = {isa = PBXBuildFile; fileRef = 46A9227A5E05161F8B71FDF4 /* DsmMacApp.swift */; };
		4440F05E83E5ED0F48DAC304 /* DsmNetwork in Frameworks */ = {isa = PBXBuildFile; productRef = 6A578FB6D5B34A59438162B6 /* DsmNetwork */; };
		46CE97C3D80547D7061224F2 /* LoginView.swift in Sources */ = {isa = PBXBuildFile; fileRef = DE9DB7D94AFC947DE39DF8D1 /* LoginView.swift */; };
		4991FA2CB347811AEB834677 /* PhotoLibraryModel.swift in Sources */ = {isa = PBXBuildFile; fileRef = 1F424D8AB691E25447A263E5 /* PhotoLibraryModel.swift */; };
		59C06DE7124461270B9173C6 /* ChatWorkspaceModel.swift in Sources */ = {isa = PBXBuildFile; fileRef = FE2A90B20C76F1C8B23067D1 /* ChatWorkspaceModel.swift */; };
		6E494C113B6C2491904BC781 /* ChatWorkspaceView.swift in Sources */ = {isa = PBXBuildFile; fileRef = EF1EB3904279ABE52505A57B /* ChatWorkspaceView.swift */; };
		836B31D0C4FF095E4FC1EFCF /* PhotoFolderDestinationPicker.swift in Sources */ = {isa = PBXBuildFile; fileRef = AE8A84A73C0B512AF504E7AD /* PhotoFolderDestinationPicker.swift */; };
		A8947CF70F1CC5F62D83C33C /* DsmCore in Frameworks */ = {isa = PBXBuildFile; productRef = CDFB3D25D6035AB51E143261 /* DsmCore */; };
		AC6936BB386C9A829A221F34 /* WorkspaceModel.swift in Sources */ = {isa = PBXBuildFile; fileRef = 1F6DF22565675FC82D7CC686 /* WorkspaceModel.swift */; };
		B6FA5CB7DA8790CA0A105940 /* NasAdministrationModel.swift in Sources */ = {isa = PBXBuildFile; fileRef = BF05BE448D0653B1A065559A /* NasAdministrationModel.swift */; };
		C3AFE337248691D6883C0CE7 /* FilePreviewView.swift in Sources */ = {isa = PBXBuildFile; fileRef = 852694B5E54505BB153EF98A /* FilePreviewView.swift */; };
		D733D79BB2B46B2F6E5C06E9 /* PhotoMetadataExtractor.swift in Sources */ = {isa = PBXBuildFile; fileRef = 8BC9C9961187B8013EEE5911 /* PhotoMetadataExtractor.swift */; };
		E53088EB1BE1BCBA9B672B12 /* PhotoLibraryView.swift in Sources */ = {isa = PBXBuildFile; fileRef = 27CC848C4E842FE9081B6B85 /* PhotoLibraryView.swift */; };
		F06931669E2EB893B31BBBE0 /* LoginViewModel.swift in Sources */ = {isa = PBXBuildFile; fileRef = 4D54FCCE59BEF04898E541CE /* LoginViewModel.swift */; };
/* End PBXBuildFile section */

/* Begin PBXFileReference section */
		1DE7697E655CBAC946BEBF3F /* zh-Hans */ = {isa = PBXFileReference; lastKnownFileType = text.plist.strings; name = "zh-Hans"; path = "zh-Hans.lproj/Localizable.strings"; sourceTree = "<group>"; };
		1F424D8AB691E25447A263E5 /* PhotoLibraryModel.swift */ = {isa = PBXFileReference; lastKnownFileType = sourcecode.swift; path = PhotoLibraryModel.swift; sourceTree = "<group>"; };
		1F6DF22565675FC82D7CC686 /* WorkspaceModel.swift */ = {isa = PBXFileReference; lastKnownFileType = sourcecode.swift; path = WorkspaceModel.swift; sourceTree = "<group>"; };
		226606003B75B91F9FA03683 /* zh-Hans */ = {isa = PBXFileReference; lastKnownFileType = text.plist.strings; name = "zh-Hans"; path = "zh-Hans.lproj/InfoPlist.strings"; sourceTree = "<group>"; };
		27CC848C4E842FE9081B6B85 /* PhotoLibraryView.swift */ = {isa = PBXFileReference; lastKnownFileType = sourcecode.swift; path = PhotoLibraryView.swift; sourceTree = "<group>"; };
		3D43383FD609AFA6A0605CEA /* WorkspaceView.swift */ = {isa = PBXFileReference; lastKnownFileType = sourcecode.swift; path = WorkspaceView.swift; sourceTree = "<group>"; };
		3F276AF6EC0C343DF594E76B /* NasAdministrationView.swift */ = {isa = PBXFileReference; lastKnownFileType = sourcecode.swift; path = NasAdministrationView.swift; sourceTree = "<group>"; };
		46A9227A5E05161F8B71FDF4 /* DsmMacApp.swift */ = {isa = PBXFileReference; lastKnownFileType = sourcecode.swift; path = DsmMacApp.swift; sourceTree = "<group>"; };
		4D54FCCE59BEF04898E541CE /* LoginViewModel.swift */ = {isa = PBXFileReference; lastKnownFileType = sourcecode.swift; path = LoginViewModel.swift; sourceTree = "<group>"; };
		4E1F96609F0323DC19D30EC7 /* en */ = {isa = PBXFileReference; lastKnownFileType = text.plist.strings; name = en; path = en.lproj/Localizable.strings; sourceTree = "<group>"; };
		73A190EAB72D1587728A072E /* LanStash.app */ = {isa = PBXFileReference; explicitFileType = wrapper.application; includeInIndex = 0; path = LanStash.app; sourceTree = BUILT_PRODUCTS_DIR; };
		852694B5E54505BB153EF98A /* FilePreviewView.swift */ = {isa = PBXFileReference; lastKnownFileType = sourcecode.swift; path = FilePreviewView.swift; sourceTree = "<group>"; };
		8BC9C9961187B8013EEE5911 /* PhotoMetadataExtractor.swift */ = {isa = PBXFileReference; lastKnownFileType = sourcecode.swift; path = PhotoMetadataExtractor.swift; sourceTree = "<group>"; };
		9C86C1E7AC50E2616225F51D /* apple */ = {isa = PBXFileReference; lastKnownFileType = folder; name = apple; path = ../..; sourceTree = SOURCE_ROOT; };
		9D89D62711D2351506A6E681 /* en */ = {isa = PBXFileReference; lastKnownFileType = text.plist.strings; name = en; path = en.lproj/InfoPlist.strings; sourceTree = "<group>"; };
		AE8A84A73C0B512AF504E7AD /* PhotoFolderDestinationPicker.swift */ = {isa = PBXFileReference; lastKnownFileType = sourcecode.swift; path = PhotoFolderDestinationPicker.swift; sourceTree = "<group>"; };
		BAA28F9CA875E65C60C3B1FE /* AppContentLayout.swift */ = {isa = PBXFileReference; lastKnownFileType = sourcecode.swift; path = AppContentLayout.swift; sourceTree = "<group>"; };
		BF05BE448D0653B1A065559A /* NasAdministrationModel.swift */ = {isa = PBXFileReference; lastKnownFileType = sourcecode.swift; path = NasAdministrationModel.swift; sourceTree = "<group>"; };
		DE9DB7D94AFC947DE39DF8D1 /* LoginView.swift */ = {isa = PBXFileReference; lastKnownFileType = sourcecode.swift; path = LoginView.swift; sourceTree = "<group>"; };
		EF1EB3904279ABE52505A57B /* ChatWorkspaceView.swift */ = {isa = PBXFileReference; lastKnownFileType = sourcecode.swift; path = ChatWorkspaceView.swift; sourceTree = "<group>"; };
		FE2A90B20C76F1C8B23067D1 /* ChatWorkspaceModel.swift */ = {isa = PBXFileReference; lastKnownFileType = sourcecode.swift; path = ChatWorkspaceModel.swift; sourceTree = "<group>"; };
/* End PBXFileReference section */

/* Begin PBXFrameworksBuildPhase section */
		C7DEF40B295CFB0B8C9D9955 /* Frameworks */ = {
			isa = PBXFrameworksBuildPhase;
			buildActionMask = 2147483647;
			files = (
				A8947CF70F1CC5F62D83C33C /* DsmCore in Frameworks */,
				4440F05E83E5ED0F48DAC304 /* DsmNetwork in Frameworks */,
			);
			runOnlyForDeploymentPostprocessing = 0;
		};
/* End PBXFrameworksBuildPhase section */

/* Begin PBXGroup section */
		1DCB50C9E6FCC6724C5CF5C6 /* Packages */ = {
			isa = PBXGroup;
			children = (
				9C86C1E7AC50E2616225F51D /* apple */,
			);
			name = Packages;
			sourceTree = "<group>";
		};
		26646DCBB3F2F231640F7651 /* Products */ = {
			isa = PBXGroup;
			children = (
				73A190EAB72D1587728A072E /* LanStash.app */,
			);
			name = Products;
			sourceTree = "<group>";
		};
		3D117DBEECE90BFE5B58D5B6 /* Resources */ = {
			isa = PBXGroup;
			children = (
				55636F64951E9DD6841A1586 /* InfoPlist.strings */,
				CB5D2FCD484E6C915A3AF4BB /* Localizable.strings */,
			);
			path = Resources;
			sourceTree = "<group>";
		};
		6FE02D5A3AD87DF10918B39E /* Sources */ = {
			isa = PBXGroup;
			children = (
				BAA28F9CA875E65C60C3B1FE /* AppContentLayout.swift */,
				FE2A90B20C76F1C8B23067D1 /* ChatWorkspaceModel.swift */,
				EF1EB3904279ABE52505A57B /* ChatWorkspaceView.swift */,
				46A9227A5E05161F8B71FDF4 /* DsmMacApp.swift */,
				852694B5E54505BB153EF98A /* FilePreviewView.swift */,
				DE9DB7D94AFC947DE39DF8D1 /* LoginView.swift */,
				4D54FCCE59BEF04898E541CE /* LoginViewModel.swift */,
				BF05BE448D0653B1A065559A /* NasAdministrationModel.swift */,
				3F276AF6EC0C343DF594E76B /* NasAdministrationView.swift */,
				AE8A84A73C0B512AF504E7AD /* PhotoFolderDestinationPicker.swift */,
				1F424D8AB691E25447A263E5 /* PhotoLibraryModel.swift */,
				27CC848C4E842FE9081B6B85 /* PhotoLibraryView.swift */,
				8BC9C9961187B8013EEE5911 /* PhotoMetadataExtractor.swift */,
				1F6DF22565675FC82D7CC686 /* WorkspaceModel.swift */,
				3D43383FD609AFA6A0605CEA /* WorkspaceView.swift */,
			);
			path = Sources;
			sourceTree = "<group>";
		};
		BABD61061DEDBD88532CB0CE = {
			isa = PBXGroup;
			children = (
				1DCB50C9E6FCC6724C5CF5C6 /* Packages */,
				3D117DBEECE90BFE5B58D5B6 /* Resources */,
				6FE02D5A3AD87DF10918B39E /* Sources */,
				26646DCBB3F2F231640F7651 /* Products */,
			);
			sourceTree = "<group>";
		};
/* End PBXGroup section */

/* Begin PBXNativeTarget section */
		A4FE15DAB3C35747621D9326 /* DsmMac */ = {
			isa = PBXNativeTarget;
			buildConfigurationList = DD49127E2253978EDB7DCD30 /* Build configuration list for PBXNativeTarget "DsmMac" */;
			buildPhases = (
				E2A3E86ED14C76E7F0011E92 /* Sources */,
				05BB66CC778275FCAD7FCE36 /* Resources */,
				C7DEF40B295CFB0B8C9D9955 /* Frameworks */,
			);
			buildRules = (
			);
			dependencies = (
			);
			name = DsmMac;
			packageProductDependencies = (
				CDFB3D25D6035AB51E143261 /* DsmCore */,
				6A578FB6D5B34A59438162B6 /* DsmNetwork */,
			);
			productName = DsmMac;
			productReference = 73A190EAB72D1587728A072E /* LanStash.app */;
			productType = "com.apple.product-type.application";
		};
/* End PBXNativeTarget section */

/* Begin PBXProject section */
		377905DE64178F14E5580E64 /* Project object */ = {
			isa = PBXProject;
			attributes = {
				BuildIndependentTargetsInParallel = YES;
				LastUpgradeCheck = 1430;
				TargetAttributes = {
					A4FE15DAB3C35747621D9326 = {
						ProvisioningStyle = Automatic;
					};
				};
			};
			buildConfigurationList = 6BF5AE83774B669E129F0DFF /* Build configuration list for PBXProject "DsmMac" */;
			developmentRegion = en;
			hasScannedForEncodings = 0;
			knownRegions = (
				Base,
				en,
				"zh-Hans",
			);
			mainGroup = BABD61061DEDBD88532CB0CE;
			minimizedProjectReferenceProxies = 1;
			packageReferences = (
				38E761BDF931E96A26FD8054 /* XCLocalSwiftPackageReference "../.." */,
			);
			preferredProjectObjectVersion = 77;
			productRefGroup = 26646DCBB3F2F231640F7651 /* Products */;
			projectDirPath = "";
			projectRoot = "";
			targets = (
				A4FE15DAB3C35747621D9326 /* DsmMac */,
			);
		};
/* End PBXProject section */

/* Begin PBXResourcesBuildPhase section */
		05BB66CC778275FCAD7FCE36 /* Resources */ = {
			isa = PBXResourcesBuildPhase;
			buildActionMask = 2147483647;
			files = (
				3F7B3902FFF181AEC9D25BEE /* InfoPlist.strings in Resources */,
				04BF49113047E6A5BFDD0565 /* Localizable.strings in Resources */,
			);
			runOnlyForDeploymentPostprocessing = 0;
		};
/* End PBXResourcesBuildPhase section */

/* Begin PBXSourcesBuildPhase section */
		E2A3E86ED14C76E7F0011E92 /* Sources */ = {
			isa = PBXSourcesBuildPhase;
			buildActionMask = 2147483647;
			files = (
				1E07976CF65B26FF6DCC92F7 /* AppContentLayout.swift in Sources */,
				59C06DE7124461270B9173C6 /* ChatWorkspaceModel.swift in Sources */,
				6E494C113B6C2491904BC781 /* ChatWorkspaceView.swift in Sources */,
				3FCADE45FE1B6CE377E360BA /* DsmMacApp.swift in Sources */,
				C3AFE337248691D6883C0CE7 /* FilePreviewView.swift in Sources */,
				46CE97C3D80547D7061224F2 /* LoginView.swift in Sources */,
				F06931669E2EB893B31BBBE0 /* LoginViewModel.swift in Sources */,
				B6FA5CB7DA8790CA0A105940 /* NasAdministrationModel.swift in Sources */,
				3679216DDA49A20D83B8411A /* NasAdministrationView.swift in Sources */,
				836B31D0C4FF095E4FC1EFCF /* PhotoFolderDestinationPicker.swift in Sources */,
				4991FA2CB347811AEB834677 /* PhotoLibraryModel.swift in Sources */,
				E53088EB1BE1BCBA9B672B12 /* PhotoLibraryView.swift in Sources */,
				D733D79BB2B46B2F6E5C06E9 /* PhotoMetadataExtractor.swift in Sources */,
				AC6936BB386C9A829A221F34 /* WorkspaceModel.swift in Sources */,
				15984B33D2FC6DC271096E4A /* WorkspaceView.swift in Sources */,
			);
			runOnlyForDeploymentPostprocessing = 0;
		};
/* End PBXSourcesBuildPhase section */

/* Begin PBXVariantGroup section */
		55636F64951E9DD6841A1586 /* InfoPlist.strings */ = {
			isa = PBXVariantGroup;
			children = (
				9D89D62711D2351506A6E681 /* en */,
				226606003B75B91F9FA03683 /* zh-Hans */,
			);
			name = InfoPlist.strings;
			sourceTree = "<group>";
		};
		CB5D2FCD484E6C915A3AF4BB /* Localizable.strings */ = {
			isa = PBXVariantGroup;
			children = (
				4E1F96609F0323DC19D30EC7 /* en */,
				1DE7697E655CBAC946BEBF3F /* zh-Hans */,
			);
			name = Localizable.strings;
			sourceTree = "<group>";
		};
/* End PBXVariantGroup section */

/* Begin XCBuildConfiguration section */
		1A21D183220130BEE4C3B47E /* Debug */ = {
			isa = XCBuildConfiguration;
			buildSettings = {
				ALWAYS_SEARCH_USER_PATHS = NO;
				CLANG_ANALYZER_NONNULL = YES;
				CLANG_ANALYZER_NUMBER_OBJECT_CONVERSION = YES_AGGRESSIVE;
				CLANG_CXX_LANGUAGE_STANDARD = "gnu++14";
				CLANG_CXX_LIBRARY = "libc++";
				CLANG_ENABLE_MODULES = YES;
				CLANG_ENABLE_OBJC_ARC = YES;
				CLANG_ENABLE_OBJC_WEAK = YES;
				CLANG_WARN_BLOCK_CAPTURE_AUTORELEASING = YES;
				CLANG_WARN_BOOL_CONVERSION = YES;
				CLANG_WARN_COMMA = YES;
				CLANG_WARN_CONSTANT_CONVERSION = YES;
				CLANG_WARN_DEPRECATED_OBJC_IMPLEMENTATIONS = YES;
				CLANG_WARN_DIRECT_OBJC_ISA_USAGE = YES_ERROR;
				CLANG_WARN_DOCUMENTATION_COMMENTS = YES;
				CLANG_WARN_EMPTY_BODY = YES;
				CLANG_WARN_ENUM_CONVERSION = YES;
				CLANG_WARN_INFINITE_RECURSION = YES;
				CLANG_WARN_INT_CONVERSION = YES;
				CLANG_WARN_NON_LITERAL_NULL_CONVERSION = YES;
				CLANG_WARN_OBJC_IMPLICIT_RETAIN_SELF = YES;
				CLANG_WARN_OBJC_LITERAL_CONVERSION = YES;
				CLANG_WARN_OBJC_ROOT_CLASS = YES_ERROR;
				CLANG_WARN_QUOTED_INCLUDE_IN_FRAMEWORK_HEADER = YES;
				CLANG_WARN_RANGE_LOOP_ANALYSIS = YES;
				CLANG_WARN_STRICT_PROTOTYPES = YES;
				CLANG_WARN_SUSPICIOUS_MOVE = YES;
				CLANG_WARN_UNGUARDED_AVAILABILITY = YES_AGGRESSIVE;
				CLANG_WARN_UNREACHABLE_CODE = YES;
				CLANG_WARN__DUPLICATE_METHOD_MATCH = YES;
				COPY_PHASE_STRIP = NO;
				DEBUG_INFORMATION_FORMAT = dwarf;
				ENABLE_STRICT_OBJC_MSGSEND = YES;
				ENABLE_TESTABILITY = YES;
				GCC_C_LANGUAGE_STANDARD = gnu11;
				GCC_DYNAMIC_NO_PIC = NO;
				GCC_NO_COMMON_BLOCKS = YES;
				GCC_OPTIMIZATION_LEVEL = 0;
				GCC_PREPROCESSOR_DEFINITIONS = (
					"$(inherited)",
					"DEBUG=1",
				);
				GCC_WARN_64_TO_32_BIT_CONVERSION = YES;
				GCC_WARN_ABOUT_RETURN_TYPE = YES_ERROR;
				GCC_WARN_UNDECLARED_SELECTOR = YES;
				GCC_WARN_UNINITIALIZED_AUTOS = YES_AGGRESSIVE;
				GCC_WARN_UNUSED_FUNCTION = YES;
				GCC_WARN_UNUSED_VARIABLE = YES;
				MACOSX_DEPLOYMENT_TARGET = 14.0;
				MTL_ENABLE_DEBUG_INFO = INCLUDE_SOURCE;
				MTL_FAST_MATH = YES;
				ONLY_ACTIVE_ARCH = YES;
				PRODUCT_NAME = "$(TARGET_NAME)";
				SDKROOT = macosx;
				SWIFT_ACTIVE_COMPILATION_CONDITIONS = DEBUG;
				SWIFT_OPTIMIZATION_LEVEL = "-Onone";
				SWIFT_STRICT_CONCURRENCY = complete;
				SWIFT_VERSION = 6.0;
			};
			name = Debug;
		};
		39C23668D0FF9C4F5F6C8073 /* Debug */ = {
			isa = XCBuildConfiguration;
			buildSettings = {
				ASSETCATALOG_COMPILER_APPICON_NAME = AppIcon;
				CODE_SIGN_ENTITLEMENTS = SupportingFiles/DsmMac.entitlements;
				CODE_SIGN_STYLE = Automatic;
				COMBINE_HIDPI_IMAGES = YES;
				CURRENT_PROJECT_VERSION = 7;
				ENABLE_HARDENED_RUNTIME = YES;
				GENERATE_INFOPLIST_FILE = NO;
				INFOPLIST_FILE = SupportingFiles/Info.plist;
				LD_RUNPATH_SEARCH_PATHS = (
					"$(inherited)",
					"@executable_path/../Frameworks",
				);
				MARKETING_VERSION = 0.2.6;
				PRODUCT_BUNDLE_IDENTIFIER = io.github.qwertyuiop1995.dsmnativeclient.macos;
				PRODUCT_NAME = LanStash;
				SDKROOT = macosx;
			};
			name = Debug;
		};
		55701A53ADD04421CA45A8A1 /* Release */ = {
			isa = XCBuildConfiguration;
			buildSettings = {
				ASSETCATALOG_COMPILER_APPICON_NAME = AppIcon;
				CODE_SIGN_ENTITLEMENTS = SupportingFiles/DsmMac.entitlements;
				CODE_SIGN_STYLE = Automatic;
				COMBINE_HIDPI_IMAGES = YES;
				CURRENT_PROJECT_VERSION = 7;
				ENABLE_HARDENED_RUNTIME = YES;
				GENERATE_INFOPLIST_FILE = NO;
				INFOPLIST_FILE = SupportingFiles/Info.plist;
				LD_RUNPATH_SEARCH_PATHS = (
					"$(inherited)",
					"@executable_path/../Frameworks",
				);
				MARKETING_VERSION = 0.2.6;
				PRODUCT_BUNDLE_IDENTIFIER = io.github.qwertyuiop1995.dsmnativeclient.macos;
				PRODUCT_NAME = LanStash;
				SDKROOT = macosx;
			};
			name = Release;
		};
		6C422C14FB1A07D26B1168D3 /* Release */ = {
			isa = XCBuildConfiguration;
			buildSettings = {
				ALWAYS_SEARCH_USER_PATHS = NO;
				CLANG_ANALYZER_NONNULL = YES;
				CLANG_ANALYZER_NUMBER_OBJECT_CONVERSION = YES_AGGRESSIVE;
				CLANG_CXX_LANGUAGE_STANDARD = "gnu++14";
				CLANG_CXX_LIBRARY = "libc++";
				CLANG_ENABLE_MODULES = YES;
				CLANG_ENABLE_OBJC_ARC = YES;
				CLANG_ENABLE_OBJC_WEAK = YES;
				CLANG_WARN_BLOCK_CAPTURE_AUTORELEASING = YES;
				CLANG_WARN_BOOL_CONVERSION = YES;
				CLANG_WARN_COMMA = YES;
				CLANG_WARN_CONSTANT_CONVERSION = YES;
				CLANG_WARN_DEPRECATED_OBJC_IMPLEMENTATIONS = YES;
				CLANG_WARN_DIRECT_OBJC_ISA_USAGE = YES_ERROR;
				CLANG_WARN_DOCUMENTATION_COMMENTS = YES;
				CLANG_WARN_EMPTY_BODY = YES;
				CLANG_WARN_ENUM_CONVERSION = YES;
				CLANG_WARN_INFINITE_RECURSION = YES;
				CLANG_WARN_INT_CONVERSION = YES;
				CLANG_WARN_NON_LITERAL_NULL_CONVERSION = YES;
				CLANG_WARN_OBJC_IMPLICIT_RETAIN_SELF = YES;
				CLANG_WARN_OBJC_LITERAL_CONVERSION = YES;
				CLANG_WARN_OBJC_ROOT_CLASS = YES_ERROR;
				CLANG_WARN_QUOTED_INCLUDE_IN_FRAMEWORK_HEADER = YES;
				CLANG_WARN_RANGE_LOOP_ANALYSIS = YES;
				CLANG_WARN_STRICT_PROTOTYPES = YES;
				CLANG_WARN_SUSPICIOUS_MOVE = YES;
				CLANG_WARN_UNGUARDED_AVAILABILITY = YES_AGGRESSIVE;
				CLANG_WARN_UNREACHABLE_CODE = YES;
				CLANG_WARN__DUPLICATE_METHOD_MATCH = YES;
				COPY_PHASE_STRIP = NO;
				DEBUG_INFORMATION_FORMAT = "dwarf-with-dsym";
				ENABLE_NS_ASSERTIONS = NO;
				ENABLE_STRICT_OBJC_MSGSEND = YES;
				GCC_C_LANGUAGE_STANDARD = gnu11;
				GCC_NO_COMMON_BLOCKS = YES;
				GCC_WARN_64_TO_32_BIT_CONVERSION = YES;
				GCC_WARN_ABOUT_RETURN_TYPE = YES_ERROR;
				GCC_WARN_UNDECLARED_SELECTOR = YES;
				GCC_WARN_UNINITIALIZED_AUTOS = YES_AGGRESSIVE;
				GCC_WARN_UNUSED_FUNCTION = YES;
				GCC_WARN_UNUSED_VARIABLE = YES;
				MACOSX_DEPLOYMENT_TARGET = 14.0;
				MTL_ENABLE_DEBUG_INFO = NO;
				MTL_FAST_MATH = YES;
				PRODUCT_NAME = "$(TARGET_NAME)";
				SDKROOT = macosx;
				SWIFT_COMPILATION_MODE = wholemodule;
				SWIFT_OPTIMIZATION_LEVEL = "-O";
				SWIFT_STRICT_CONCURRENCY = complete;
				SWIFT_VERSION = 6.0;
			};
			name = Release;
		};
/* End XCBuildConfiguration section */

/* Begin XCConfigurationList section */
		6BF5AE83774B669E129F0DFF /* Build configuration list for PBXProject "DsmMac" */ = {
			isa = XCConfigurationList;
			buildConfigurations = (
				1A21D183220130BEE4C3B47E /* Debug */,
				6C422C14FB1A07D26B1168D3 /* Release */,
			);
			defaultConfigurationIsVisible = 0;
			defaultConfigurationName = Debug;
		};
		DD49127E2253978EDB7DCD30 /* Build configuration list for PBXNativeTarget "DsmMac" */ = {
			isa = XCConfigurationList;
			buildConfigurations = (
				39C23668D0FF9C4F5F6C8073 /* Debug */,
				55701A53ADD04421CA45A8A1 /* Release */,
			);
			defaultConfigurationIsVisible = 0;
			defaultConfigurationName = Debug;
		};
/* End XCConfigurationList section */

/* Begin XCLocalSwiftPackageReference section */
		38E761BDF931E96A26FD8054 /* XCLocalSwiftPackageReference "../.." */ = {
			isa = XCLocalSwiftPackageReference;
			relativePath = ../..;
		};
/* End XCLocalSwiftPackageReference section */

/* Begin XCSwiftPackageProductDependency section */
		6A578FB6D5B34A59438162B6 /* DsmNetwork */ = {
			isa = XCSwiftPackageProductDependency;
			productName = DsmNetwork;
		};
		CDFB3D25D6035AB51E143261 /* DsmCore */ = {
			isa = XCSwiftPackageProductDependency;
			productName = DsmCore;
		};
/* End XCSwiftPackageProductDependency section */
	};
	rootObject = 377905DE64178F14E5580E64 /* Project object */;
}
